
Microsoft Visual Studio Solution File, Format Version 12.00
# Visual Studio Version 16
VisualStudioVersion = 16.0.31025.194
MinimumVisualStudioVersion = 10.0.40219.1
Project("{9A19103F-16F7-4668-BE54-9A1E7A4F7556}") = "FMS.Web.Server", "FMS.Web\Server\FMS.Web.Server.csproj", "{18BED465-4424-4C31-AEC9-C075067F5B45}"
EndProject
Project("{9A19103F-16F7-4668-BE54-9A1E7A4F7556}") = "FMS.Web.Client", "FMS.Web\Client\FMS.Web.Client.csproj", "{009CC2B2-06D1-4E44-919B-917982093F8E}"
EndProject
Project("{9A19103F-16F7-4668-BE54-9A1E7A4F7556}") = "FMS.Web.Shared", "FMS.Web\Shared\FMS.Web.Shared.csproj", "{9C2333DA-7372-4CD9-A45C-924FBD08076C}"
EndProject
Project("{9A19103F-16F7-4668-BE54-9A1E7A4F7556}") = "FMS.Domain", "FMS.Domain\FMS.Domain.csproj", "{5D71BD5D-1798-4836-ADCB-B53F31A66595}"
EndProject
Project("{9A19103F-16F7-4668-BE54-9A1E7A4F7556}") = "FMS.DAL", "FMS.DAL\FMS.DAL.csproj", "{8DF823C3-B061-4087-985F-93484D96290B}"
EndProject
Project("{9A19103F-16F7-4668-BE54-9A1E7A4F7556}") = "ComponentLibrary", "ComponentLibrary\ComponentLibrary.csproj", "{AC98CAD0-863C-47A0-8ED0-18014341B33C}"
EndProject
Project("{FAE04EC0-301F-11D3-BF4B-00C04F79EFBC}") = "FMS.ServiceLayer", "FMS.ServiceLayer\FMS.ServiceLayer.csproj", "{5C2A5B44-4E39-48C6-94AD-3DE89116F2A9}"
EndProject
Global
	GlobalSection(SolutionConfigurationPlatforms) = preSolution
		Debug|Any CPU = Debug|Any CPU
		Release|Any CPU = Release|Any CPU
	EndGlobalSection
	GlobalSection(ProjectConfigurationPlatforms) = postSolution
		{18BED465-4424-4C31-AEC9-C075067F5B45}.Debug|Any CPU.ActiveCfg = Debug|Any CPU
		{18BED465-4424-4C31-AEC9-C075067F5B45}.Debug|Any CPU.Build.0 = Debug|Any CPU
		{18BED465-4424-4C31-AEC9-C075067F5B45}.Release|Any CPU.ActiveCfg = Release|Any CPU
		{18BED465-4424-4C31-AEC9-C075067F5B45}.Release|Any CPU.Build.0 = Release|Any CPU
		{009CC2B2-06D1-4E44-919B-917982093F8E}.Debug|Any CPU.ActiveCfg = Debug|Any CPU
		{009CC2B2-06D1-4E44-919B-917982093F8E}.Debug|Any CPU.Build.0 = Debug|Any CPU
		{009CC2B2-06D1-4E44-919B-917982093F8E}.Release|Any CPU.ActiveCfg = Release|Any CPU
		{009CC2B2-06D1-4E44-919B-917982093F8E}.Release|Any CPU.Build.0 = Release|Any CPU
		{9C2333DA-7372-4CD9-A45C-924FBD08076C}.Debug|Any CPU.ActiveCfg = Debug|Any CPU
		{9C2333DA-7372-4CD9-A45C-924FBD08076C}.Debug|Any CPU.Build.0 = Debug|Any CPU
		{9C2333DA-7372-4CD9-A45C-924FBD08076C}.Release|Any CPU.ActiveCfg = Release|Any CPU
		{9C2333DA-7372-4CD9-A45C-924FBD08076C}.Release|Any CPU.Build.0 = Release|Any CPU
		{5D71BD5D-1798-4836-ADCB-B53F31A66595}.Debug|Any CPU.ActiveCfg = Debug|Any CPU
		{5D71BD5D-1798-4836-ADCB-B53F31A66595}.Debug|Any CPU.Build.0 = Debug|Any CPU
		{5D71BD5D-1798-4836-ADCB-B53F31A66595}.Release|Any CPU.ActiveCfg = Release|Any CPU
		{5D71BD5D-1798-4836-ADCB-B53F31A66595}.Release|Any CPU.Build.0 = Release|Any CPU
		{8DF823C3-B061-4087-985F-93484D96290B}.Debug|Any CPU.ActiveCfg = Debug|Any CPU
		{8DF823C3-B061-4087-985F-93484D96290B}.Debug|Any CPU.Build.0 = Debug|Any CPU
		{8DF823C3-B061-4087-985F-93484D96290B}.Release|Any CPU.ActiveCfg = Release|Any CPU
		{8DF823C3-B061-4087-985F-93484D96290B}.Release|Any CPU.Build.0 = Release|Any CPU
		{AC98CAD0-863C-47A0-8ED0-18014341B33C}.Debug|Any CPU.ActiveCfg = Debug|Any CPU
		{AC98CAD0-863C-47A0-8ED0-18014341B33C}.Debug|Any CPU.Build.0 = Debug|Any CPU
		{AC98CAD0-863C-47A0-8ED0-18014341B33C}.Release|Any CPU.ActiveCfg = Release|Any CPU
		{AC98CAD0-863C-47A0-8ED0-18014341B33C}.Release|Any CPU.Build.0 = Release|Any CPU
		{5C2A5B44-4E39-48C6-94AD-3DE89116F2A9}.Debug|Any CPU.ActiveCfg = Debug|Any CPU
		{5C2A5B44-4E39-48C6-94AD-3DE89116F2A9}.Debug|Any CPU.Build.0 = Debug|Any CPU
		{5C2A5B44-4E39-48C6-94AD-3DE89116F2A9}.Release|Any CPU.ActiveCfg = Release|Any CPU
		{5C2A5B44-4E39-48C6-94AD-3DE89116F2A9}.Release|Any CPU.Build.0 = Release|Any CPU
	EndGlobalSection
	GlobalSection(SolutionProperties) = preSolution
		HideSolutionNode = FALSE
	EndGlobalSection
	GlobalSection(ExtensibilityGlobals) = postSolution
		SolutionGuid = {0B76BA00-281E-4F5C-9784-4BBA84E1B413}
	EndGlobalSection
EndGlobal
